
Microsoft Visual Studio Solution File, Format Version 12.00
# Visual Studio Version 16
VisualStudioVersion = 16.0.32802.440
MinimumVisualStudioVersion = 10.0.40219.1
Project("{FAE04EC0-301F-11D3-BF4B-00C04F79EFBC}") = "RemoteBankServices", "RemoteBankServices\RemoteBankServices.csproj", "{EC53C9EB-8F0E-4149-B2B4-4BEDEFCDB671}"
EndProject
Global
	GlobalSection(SolutionConfigurationPlatforms) = preSolution
		Debug|Any CPU = Debug|Any CPU
		Release|Any CPU = Release|Any CPU
	EndGlobalSection
	GlobalSection(ProjectConfigurationPlatforms) = postSolution
		{EC53C9EB-8F0E-4149-B2B4-4BEDEFCDB671}.Debug|Any CPU.ActiveCfg = Debug|Any CPU
		{EC53C9EB-8F0E-4149-B2B4-4BEDEFCDB671}.Debug|Any CPU.Build.0 = Debug|Any CPU
		{EC53C9EB-8F0E-4149-B2B4-4BEDEFCDB671}.Release|Any CPU.ActiveCfg = Release|Any CPU
		{EC53C9EB-8F0E-4149-B2B4-4BEDEFCDB671}.Release|Any CPU.Build.0 = Release|Any CPU
	EndGlobalSection
	GlobalSection(SolutionProperties) = preSolution
		HideSolutionNode = FALSE
	EndGlobalSection
	GlobalSection(ExtensibilityGlobals) = postSolution
		SolutionGuid = {21191492-CDF4-4CEE-90A2-2588A2C045D6}
	EndGlobalSection
EndGlobal
